
Microsoft Visual Studio Solution File, Format Version 12.00
# Visual Studio Version 17
VisualStudioVersion = 17.14.37301.10 d17.14
MinimumVisualStudioVersion = 10.0.40219.1
Project("{FAE04EC0-301F-11D3-BF4B-00C04F79EFBC}") = "AppServiceAndTravel", "AppServiceAndTravel.csproj", "{7476AC6F-09CA-478C-AEA6-DD41487E8999}"
EndProject
Global
	GlobalSection(SolutionConfigurationPlatforms) = preSolution
		Debug|Any CPU = Debug|Any CPU
		Release|Any CPU = Release|Any CPU
	EndGlobalSection
	GlobalSection(ProjectConfigurationPlatforms) = postSolution
		{7476AC6F-09CA-478C-AEA6-DD41487E8999}.Debug|Any CPU.ActiveCfg = Debug|Any CPU
		{7476AC6F-09CA-478C-AEA6-DD41487E8999}.Debug|Any CPU.Build.0 = Debug|Any CPU
		{7476AC6F-09CA-478C-AEA6-DD41487E8999}.Release|Any CPU.ActiveCfg = Release|Any CPU
		{7476AC6F-09CA-478C-AEA6-DD41487E8999}.Release|Any CPU.Build.0 = Release|Any CPU
	EndGlobalSection
	GlobalSection(SolutionProperties) = preSolution
		HideSolutionNode = FALSE
	EndGlobalSection
	GlobalSection(ExtensibilityGlobals) = postSolution
		SolutionGuid = {A085BBEB-2E2D-490A-9BC3-572781FD23EF}
	EndGlobalSection
EndGlobal
